
Microsoft Visual Studio Solution File, Format Version 12.00
# Visual Studio Version 16
VisualStudioVersion = 16.0.29728.190
MinimumVisualStudioVersion = 10.0.40219.1
Project("{FAE04EC0-301F-11D3-BF4B-00C04F79EFBC}") = "FishDemo", "FishDemo\FishDemo.csproj", "{B058EEB4-181B-4B34-AF63-DA774DEFB941}"
EndProject
Project("{FAE04EC0-301F-11D3-BF4B-00C04F79EFBC}") = "CAPDemo", "CAPDemo\CAPDemo.csproj", "{FC48B2F5-D045-4CFD-84D3-609D29427E91}"
EndProject
Global
	GlobalSection(SolutionConfigurationPlatforms) = preSolution
		Debug|Any CPU = Debug|Any CPU
		Release|Any CPU = Release|Any CPU
	EndGlobalSection
	GlobalSection(ProjectConfigurationPlatforms) = postSolution
		{B058EEB4-181B-4B34-AF63-DA774DEFB941}.Debug|Any CPU.ActiveCfg = Debug|Any CPU
		{B058EEB4-181B-4B34-AF63-DA774DEFB941}.Debug|Any CPU.Build.0 = Debug|Any CPU
		{B058EEB4-181B-4B34-AF63-DA774DEFB941}.Release|Any CPU.ActiveCfg = Release|Any CPU
		{B058EEB4-181B-4B34-AF63-DA774DEFB941}.Release|Any CPU.Build.0 = Release|Any CPU
		{FC48B2F5-D045-4CFD-84D3-609D29427E91}.Debug|Any CPU.ActiveCfg = Debug|Any CPU
		{FC48B2F5-D045-4CFD-84D3-609D29427E91}.Debug|Any CPU.Build.0 = Debug|Any CPU
		{FC48B2F5-D045-4CFD-84D3-609D29427E91}.Release|Any CPU.ActiveCfg = Release|Any CPU
		{FC48B2F5-D045-4CFD-84D3-609D29427E91}.Release|Any CPU.Build.0 = Release|Any CPU
	EndGlobalSection
	GlobalSection(SolutionProperties) = preSolution
		HideSolutionNode = FALSE
	EndGlobalSection
	GlobalSection(ExtensibilityGlobals) = postSolution
		SolutionGuid = {3D4FBC97-5135-4549-8FB0-B53F01CDA4A9}
	EndGlobalSection
EndGlobal
